
Microsoft Visual Studio Solution File, Format Version 12.00
# Visual Studio Version 17
VisualStudioVersion = 17.2.32616.157
MinimumVisualStudioVersion = 10.0.40219.1
Project("{FAE04EC0-301F-11D3-BF4B-00C04F79EFBC}") = "WebApplication1", "WebApplication1.csproj", "{A37D00F7-ADF3-4BBC-8223-E34183ED3064}"
EndProject
Global
	GlobalSection(SolutionConfigurationPlatforms) = preSolution
		Debug|Any CPU = Debug|Any CPU
		Release|Any CPU = Release|Any CPU
	EndGlobalSection
	GlobalSection(ProjectConfigurationPlatforms) = postSolution
		{A37D00F7-ADF3-4BBC-8223-E34183ED3064}.Debug|Any CPU.ActiveCfg = Debug|Any CPU
		{A37D00F7-ADF3-4BBC-8223-E34183ED3064}.Debug|Any CPU.Build.0 = Debug|Any CPU
		{A37D00F7-ADF3-4BBC-8223-E34183ED3064}.Release|Any CPU.ActiveCfg = Release|Any CPU
		{A37D00F7-ADF3-4BBC-8223-E34183ED3064}.Release|Any CPU.Build.0 = Release|Any CPU
	EndGlobalSection
	GlobalSection(SolutionProperties) = preSolution
		HideSolutionNode = FALSE
	EndGlobalSection
	GlobalSection(ExtensibilityGlobals) = postSolution
		SolutionGuid = {DABCB433-B890-44AC-B728-AEAC3E77E976}
	EndGlobalSection
EndGlobal
